
Microsoft Visual Studio Solution File, Format Version 12.00
# Visual Studio Version 17
VisualStudioVersion = 17.14.36623.8 d17.14
MinimumVisualStudioVersion = 10.0.40219.1
Project("{C9674DCB-5085-4A16-B785-4C70DD1589BD}") = "DatabaseProjectInfinite", "DatabaseProjectInfinite.dtproj", "{D0433BCD-203C-9EA8-65A8-9E252356C18B}"
EndProject
Global
	GlobalSection(SolutionConfigurationPlatforms) = preSolution
		Development|Default = Development|Default
	EndGlobalSection
	GlobalSection(ProjectConfigurationPlatforms) = postSolution
		{D0433BCD-203C-9EA8-65A8-9E252356C18B}.Development|Default.ActiveCfg = Development
		{D0433BCD-203C-9EA8-65A8-9E252356C18B}.Development|Default.Build.0 = Development
	EndGlobalSection
	GlobalSection(SolutionProperties) = preSolution
		HideSolutionNode = FALSE
	EndGlobalSection
	GlobalSection(ExtensibilityGlobals) = postSolution
		SolutionGuid = {AD338C7D-43DC-409E-A18D-EDEDF9D00E9F}
	EndGlobalSection
EndGlobal
